
Microsoft Visual Studio Solution File, Format Version 12.00
# Visual Studio 15
VisualStudioVersion = 15.0.28307.106
MinimumVisualStudioVersion = 10.0.40219.1
Project("{FAE04EC0-301F-11D3-BF4B-00C04F79EFBC}") = "MyAlarm.Android", "MyAlarm\MyAlarm.Android\MyAlarm.Android.csproj", "{46FFA8D6-8B3C-4F79-9DDC-7611710BD579}"
EndProject
Project("{FAE04EC0-301F-11D3-BF4B-00C04F79EFBC}") = "MyAlarm.iOS", "MyAlarm\MyAlarm.iOS\MyAlarm.iOS.csproj", "{4991C4C3-DDA8-4AFF-A3C1-860BF228245B}"
EndProject
Project("{FAE04EC0-301F-11D3-BF4B-00C04F79EFBC}") = "MyAlarm.UWP", "MyAlarm\MyAlarm.UWP\MyAlarm.UWP.csproj", "{03FE6513-F9AA-4FE7-B383-CB91DEBE61C2}"
EndProject
Project("{FAE04EC0-301F-11D3-BF4B-00C04F79EFBC}") = "MyAlarm", "MyAlarm\MyAlarm\MyAlarm.csproj", "{7FE26DE1-D103-4AC1-A111-53127639320E}"
EndProject
Global
	GlobalSection(SolutionConfigurationPlatforms) = preSolution
		Ad-Hoc|Any CPU = Ad-Hoc|Any CPU
		Ad-Hoc|ARM = Ad-Hoc|ARM
		Ad-Hoc|iPhone = Ad-Hoc|iPhone
		Ad-Hoc|iPhoneSimulator = Ad-Hoc|iPhoneSimulator
		Ad-Hoc|x64 = Ad-Hoc|x64
		Ad-Hoc|x86 = Ad-Hoc|x86
		AppStore|Any CPU = AppStore|Any CPU
		AppStore|ARM = AppStore|ARM
		AppStore|iPhone = AppStore|iPhone
		AppStore|iPhoneSimulator = AppStore|iPhoneSimulator
		AppStore|x64 = AppStore|x64
		AppStore|x86 = AppStore|x86
		Debug|Any CPU = Debug|Any CPU
		Debug|ARM = Debug|ARM
		Debug|iPhone = Debug|iPhone
		Debug|iPhoneSimulator = Debug|iPhoneSimulator
		Debug|x64 = Debug|x64
		Debug|x86 = Debug|x86
		Release|Any CPU = Release|Any CPU
		Release|ARM = Release|ARM
		Release|iPhone = Release|iPhone
		Release|iPhoneSimulator = Release|iPhoneSimulator
		Release|x64 = Release|x64
		Release|x86 = Release|x86
	EndGlobalSection
	GlobalSection(ProjectConfigurationPlatforms) = postSolution
		{46FFA8D6-8B3C-4F79-9DDC-7611710BD579}.Ad-Hoc|Any CPU.ActiveCfg = Release|Any CPU
		{46FFA8D6-8B3C-4F79-9DDC-7611710BD579}.Ad-Hoc|Any CPU.Build.0 = Release|Any CPU
		{46FFA8D6-8B3C-4F79-9DDC-7611710BD579}.Ad-Hoc|Any CPU.Deploy.0 = Release|Any CPU
		{46FFA8D6-8B3C-4F79-9DDC-7611710BD579}.Ad-Hoc|ARM.ActiveCfg = Release|Any CPU
		{46FFA8D6-8B3C-4F79-9DDC-7611710BD579}.Ad-Hoc|ARM.Build.0 = Release|Any CPU
		{46FFA8D6-8B3C-4F79-9DDC-7611710BD579}.Ad-Hoc|ARM.Deploy.0 = Release|Any CPU
		{46FFA8D6-8B3C-4F79-9DDC-7611710BD579}.Ad-Hoc|iPhone.ActiveCfg = Release|Any CPU
		{46FFA8D6-8B3C-4F79-9DDC-7611710BD579}.Ad-Hoc|iPhone.Build.0 = Release|Any CPU
		{46FFA8D6-8B3C-4F79-9DDC-7611710BD579}.Ad-Hoc|iPhone.Deploy.0 = Release|Any CPU
		{46FFA8D6-8B3C-4F79-9DDC-7611710BD579}.Ad-Hoc|iPhoneSimulator.ActiveCfg = Release|Any CPU
		{46FFA8D6-8B3C-4F79-9DDC-7611710BD579}.Ad-Hoc|iPhoneSimulator.Build.0 = Release|Any CPU
		{46FFA8D6-8B3C-4F79-9DDC-7611710BD579}.Ad-Hoc|iPhoneSimulator.Deploy.0 = Release|Any CPU
		{46FFA8D6-8B3C-4F79-9DDC-7611710BD579}.Ad-Hoc|x64.ActiveCfg = Release|Any CPU
		{46FFA8D6-8B3C-4F79-9DDC-7611710BD579}.Ad-Hoc|x64.Build.0 = Release|Any CPU
		{46FFA8D6-8B3C-4F79-9DDC-7611710BD579}.Ad-Hoc|x64.Deploy.0 = Release|Any CPU
		{46FFA8D6-8B3C-4F79-9DDC-7611710BD579}.Ad-Hoc|x86.ActiveCfg = Release|Any CPU
		{46FFA8D6-8B3C-4F79-9DDC-7611710BD579}.Ad-Hoc|x86.Build.0 = Release|Any CPU
		{46FFA8D6-8B3C-4F79-9DDC-7611710BD579}.Ad-Hoc|x86.Deploy.0 = Release|Any CPU
		{46FFA8D6-8B3C-4F79-9DDC-7611710BD579}.AppStore|Any CPU.ActiveCfg = Release|Any CPU
		{46FFA8D6-8B3C-4F79-9DDC-7611710BD579}.AppStore|Any CPU.Build.0 = Release|Any CPU
		{46FFA8D6-8B3C-4F79-9DDC-7611710BD579}.AppStore|Any CPU.Deploy.0 = Release|Any CPU
		{46FFA8D6-8B3C-4F79-9DDC-7611710BD579}.AppStore|ARM.ActiveCfg = Release|Any CPU
		{46FFA8D6-8B3C-4F79-9DDC-7611710BD579}.AppStore|ARM.Build.0 = Release|Any CPU
		{46FFA8D6-8B3C-4F79-9DDC-7611710BD579}.AppStore|ARM.Deploy.0 = Release|Any CPU
		{46FFA8D6-8B3C-4F79-9DDC-7611710BD579}.AppStore|iPhone.ActiveCfg = Release|Any CPU
		{46FFA8D6-8B3C-4F79-9DDC-7611710BD579}.AppStore|iPhone.Build.0 = Release|Any CPU
		{46FFA8D6-8B3C-4F79-9DDC-7611710BD579}.AppStore|iPhone.Deploy.0 = Release|Any CPU
		{46FFA8D6-8B3C-4F79-9DDC-7611710BD579}.AppStore|iPhoneSimulator.ActiveCfg = Release|Any CPU
		{46FFA8D6-8B3C-4F79-9DDC-7611710BD579}.AppStore|iPhoneSimulator.Build.0 = Release|Any CPU
		{46FFA8D6-8B3C-4F79-9DDC-7611710BD579}.AppStore|iPhoneSimulator.Deploy.0 = Release|Any CPU
		{46FFA8D6-8B3C-4F79-9DDC-7611710BD579}.AppStore|x64.ActiveCfg = Release|Any CPU
		{46FFA8D6-8B3C-4F79-9DDC-7611710BD579}.AppStore|x64.Build.0 = Release|Any CPU
		{46FFA8D6-8B3C-4F79-9DDC-7611710BD579}.AppStore|x64.Deploy.0 = Release|Any CPU
		{46FFA8D6-8B3C-4F79-9DDC-7611710BD579}.AppStore|x86.ActiveCfg = Release|Any CPU
		{46FFA8D6-8B3C-4F79-9DDC-7611710BD579}.AppStore|x86.Build.0 = Release|Any CPU
		{46FFA8D6-8B3C-4F79-9DDC-7611710BD579}.AppStore|x86.Deploy.0 = Release|Any CPU
		{46FFA8D6-8B3C-4F79-9DDC-7611710BD579}.Debug|Any CPU.ActiveCfg = Debug|Any CPU
		{46FFA8D6-8B3C-4F79-9DDC-7611710BD579}.Debug|Any CPU.Build.0 = Debug|Any CPU
		{46FFA8D6-8B3C-4F79-9DDC-7611710BD579}.Debug|Any CPU.Deploy.0 = Debug|Any CPU
		{46FFA8D6-8B3C-4F79-9DDC-7611710BD579}.Debug|ARM.ActiveCfg = Debug|Any CPU
		{46FFA8D6-8B3C-4F79-9DDC-7611710BD579}.Debug|ARM.Build.0 = Debug|Any CPU
		{46FFA8D6-8B3C-4F79-9DDC-7611710BD579}.Debug|ARM.Deploy.0 = Debug|Any CPU
		{46FFA8D6-8B3C-4F79-9DDC-7611710BD579}.Debug|iPhone.ActiveCfg = Debug|Any CPU
		{46FFA8D6-8B3C-4F79-9DDC-7611710BD579}.Debug|iPhone.Build.0 = Debug|Any CPU
		{46FFA8D6-8B3C-4F79-9DDC-7611710BD579}.Debug|iPhone.Deploy.0 = Debug|Any CPU
		{46FFA8D6-8B3C-4F79-9DDC-7611710BD579}.Debug|iPhoneSimulator.ActiveCfg = Debug|Any CPU
		{46FFA8D6-8B3C-4F79-9DDC-7611710BD579}.Debug|iPhoneSimulator.Build.0 = Debug|Any CPU
		{46FFA8D6-8B3C-4F79-9DDC-7611710BD579}.Debug|iPhoneSimulator.Deploy.0 = Debug|Any CPU
		{46FFA8D6-8B3C-4F79-9DDC-7611710BD579}.Debug|x64.ActiveCfg = Debug|Any CPU
		{46FFA8D6-8B3C-4F79-9DDC-7611710BD579}.Debug|x64.Build.0 = Debug|Any CPU
		{46FFA8D6-8B3C-4F79-9DDC-7611710BD579}.Debug|x64.Deploy.0 = Debug|Any CPU
		{46FFA8D6-8B3C-4F79-9DDC-7611710BD579}.Debug|x86.ActiveCfg = Debug|Any CPU
		{46FFA8D6-8B3C-4F79-9DDC-7611710BD579}.Debug|x86.Build.0 = Debug|Any CPU
		{46FFA8D6-8B3C-4F79-9DDC-7611710BD579}.Debug|x86.Deploy.0 = Debug|Any CPU
		{46FFA8D6-8B3C-4F79-9DDC-7611710BD579}.Release|Any CPU.ActiveCfg = Release|Any CPU
		{46FFA8D6-8B3C-4F79-9DDC-7611710BD579}.Release|Any CPU.Build.0 = Release|Any CPU
		{46FFA8D6-8B3C-4F79-9DDC-7611710BD579}.Release|Any CPU.Deploy.0 = Release|Any CPU
		{46FFA8D6-8B3C-4F79-9DDC-7611710BD579}.Release|ARM.ActiveCfg = Release|Any CPU
		{46FFA8D6-8B3C-4F79-9DDC-7611710BD579}.Release|ARM.Build.0 = Release|Any CPU
		{46FFA8D6-8B3C-4F79-9DDC-7611710BD579}.Release|ARM.Deploy.0 = Release|Any CPU
		{46FFA8D6-8B3C-4F79-9DDC-7611710BD579}.Release|iPhone.ActiveCfg = Release|Any CPU
		{46FFA8D6-8B3C-4F79-9DDC-7611710BD579}.Release|iPhone.Build.0 = Release|Any CPU
		{46FFA8D6-8B3C-4F79-9DDC-7611710BD579}.Release|iPhone.Deploy.0 = Release|Any CPU
		{46FFA8D6-8B3C-4F79-9DDC-7611710BD579}.Release|iPhoneSimulator.ActiveCfg = Release|Any CPU
		{46FFA8D6-8B3C-4F79-9DDC-7611710BD579}.Release|iPhoneSimulator.Build.0 = Release|Any CPU
		{46FFA8D6-8B3C-4F79-9DDC-7611710BD579}.Release|iPhoneSimulator.Deploy.0 = Release|Any CPU
		{46FFA8D6-8B3C-4F79-9DDC-7611710BD579}.Release|x64.ActiveCfg = Release|Any CPU
		{46FFA8D6-8B3C-4F79-9DDC-7611710BD579}.Release|x64.Build.0 = Release|Any CPU
		{46FFA8D6-8B3C-4F79-9DDC-7611710BD579}.Release|x64.Deploy.0 = Release|Any CPU
		{46FFA8D6-8B3C-4F79-9DDC-7611710BD579}.Release|x86.ActiveCfg = Release|Any CPU
		{46FFA8D6-8B3C-4F79-9DDC-7611710BD579}.Release|x86.Build.0 = Release|Any CPU
		{46FFA8D6-8B3C-4F79-9DDC-7611710BD579}.Release|x86.Deploy.0 = Release|Any CPU
		{4991C4C3-DDA8-4AFF-A3C1-860BF228245B}.Ad-Hoc|Any CPU.ActiveCfg = Ad-Hoc|iPhone
		{4991C4C3-DDA8-4AFF-A3C1-860BF228245B}.Ad-Hoc|Any CPU.Build.0 = Ad-Hoc|iPhone
		{4991C4C3-DDA8-4AFF-A3C1-860BF228245B}.Ad-Hoc|Any CPU.Deploy.0 = Ad-Hoc|iPhone
		{4991C4C3-DDA8-4AFF-A3C1-860BF228245B}.Ad-Hoc|ARM.ActiveCfg = Ad-Hoc|iPhone
		{4991C4C3-DDA8-4AFF-A3C1-860BF228245B}.Ad-Hoc|ARM.Build.0 = Ad-Hoc|iPhone
		{4991C4C3-DDA8-4AFF-A3C1-860BF228245B}.Ad-Hoc|ARM.Deploy.0 = Ad-Hoc|iPhone
		{4991C4C3-DDA8-4AFF-A3C1-860BF228245B}.Ad-Hoc|iPhone.ActiveCfg = Ad-Hoc|iPhone
		{4991C4C3-DDA8-4AFF-A3C1-860BF228245B}.Ad-Hoc|iPhone.Build.0 = Ad-Hoc|iPhone
		{4991C4C3-DDA8-4AFF-A3C1-860BF228245B}.Ad-Hoc|iPhone.Deploy.0 = Ad-Hoc|iPhone
		{4991C4C3-DDA8-4AFF-A3C1-860BF228245B}.Ad-Hoc|iPhoneSimulator.ActiveCfg = Ad-Hoc|iPhoneSimulator
		{4991C4C3-DDA8-4AFF-A3C1-860BF228245B}.Ad-Hoc|iPhoneSimulator.Build.0 = Ad-Hoc|iPhoneSimulator
		{4991C4C3-DDA8-4AFF-A3C1-860BF228245B}.Ad-Hoc|iPhoneSimulator.Deploy.0 = Ad-Hoc|iPhoneSimulator
		{4991C4C3-DDA8-4AFF-A3C1-860BF228245B}.Ad-Hoc|x64.ActiveCfg = Ad-Hoc|iPhone
		{4991C4C3-DDA8-4AFF-A3C1-860BF228245B}.Ad-Hoc|x64.Build.0 = Ad-Hoc|iPhone
		{4991C4C3-DDA8-4AFF-A3C1-860BF228245B}.Ad-Hoc|x64.Deploy.0 = Ad-Hoc|iPhone
		{4991C4C3-DDA8-4AFF-A3C1-860BF228245B}.Ad-Hoc|x86.ActiveCfg = Ad-Hoc|iPhone
		{4991C4C3-DDA8-4AFF-A3C1-860BF228245B}.Ad-Hoc|x86.Build.0 = Ad-Hoc|iPhone
		{4991C4C3-DDA8-4AFF-A3C1-860BF228245B}.Ad-Hoc|x86.Deploy.0 = Ad-Hoc|iPhone
		{4991C4C3-DDA8-4AFF-A3C1-860BF228245B}.AppStore|Any CPU.ActiveCfg = AppStore|iPhone
		{4991C4C3-DDA8-4AFF-A3C1-860BF228245B}.AppStore|Any CPU.Build.0 = AppStore|iPhone
		{4991C4C3-DDA8-4AFF-A3C1-860BF228245B}.AppStore|Any CPU.Deploy.0 = AppStore|iPhone
		{4991C4C3-DDA8-4AFF-A3C1-860BF228245B}.AppStore|ARM.ActiveCfg = AppStore|iPhone
		{4991C4C3-DDA8-4AFF-A3C1-860BF228245B}.AppStore|ARM.Build.0 = AppStore|iPhone
		{4991C4C3-DDA8-4AFF-A3C1-860BF228245B}.AppStore|ARM.Deploy.0 = AppStore|iPhone
		{4991C4C3-DDA8-4AFF-A3C1-860BF228245B}.AppStore|iPhone.ActiveCfg = AppStore|iPhone
		{4991C4C3-DDA8-4AFF-A3C1-860BF228245B}.AppStore|iPhone.Build.0 = AppStore|iPhone
		{4991C4C3-DDA8-4AFF-A3C1-860BF228245B}.AppStore|iPhone.Deploy.0 = AppStore|iPhone
		{4991C4C3-DDA8-4AFF-A3C1-860BF228245B}.AppStore|iPhoneSimulator.ActiveCfg = AppStore|iPhoneSimulator
		{4991C4C3-DDA8-4AFF-A3C1-860BF228245B}.AppStore|iPhoneSimulator.Build.0 = AppStore|iPhoneSimulator
		{4991C4C3-DDA8-4AFF-A3C1-860BF228245B}.AppStore|iPhoneSimulator.Deploy.0 = AppStore|iPhoneSimulator
		{4991C4C3-DDA8-4AFF-A3C1-860BF228245B}.AppStore|x64.ActiveCfg = AppStore|iPhone
		{4991C4C3-DDA8-4AFF-A3C1-860BF228245B}.AppStore|x64.Build.0 = AppStore|iPhone
		{4991C4C3-DDA8-4AFF-A3C1-860BF228245B}.AppStore|x64.Deploy.0 = AppStore|iPhone
		{4991C4C3-DDA8-4AFF-A3C1-860BF228245B}.AppStore|x86.ActiveCfg = AppStore|iPhone
		{4991C4C3-DDA8-4AFF-A3C1-860BF228245B}.AppStore|x86.Build.0 = AppStore|iPhone
		{4991C4C3-DDA8-4AFF-A3C1-860BF228245B}.AppStore|x86.Deploy.0 = AppStore|iPhone
		{4991C4C3-DDA8-4AFF-A3C1-860BF228245B}.Debug|Any CPU.ActiveCfg = Debug|iPhoneSimulator
		{4991C4C3-DDA8-4AFF-A3C1-860BF228245B}.Debug|Any CPU.Build.0 = Debug|iPhoneSimulator
		{4991C4C3-DDA8-4AFF-A3C1-860BF228245B}.Debug|Any CPU.Deploy.0 = Debug|iPhoneSimulator
		{4991C4C3-DDA8-4AFF-A3C1-860BF228245B}.Debug|ARM.ActiveCfg = Debug|iPhone
		{4991C4C3-DDA8-4AFF-A3C1-860BF228245B}.Debug|ARM.Build.0 = Debug|iPhone
		{4991C4C3-DDA8-4AFF-A3C1-860BF228245B}.Debug|ARM.Deploy.0 = Debug|iPhone
		{4991C4C3-DDA8-4AFF-A3C1-860BF228245B}.Debug|iPhone.ActiveCfg = Debug|iPhone
		{4991C4C3-DDA8-4AFF-A3C1-860BF228245B}.Debug|iPhone.Build.0 = Debug|iPhone
		{4991C4C3-DDA8-4AFF-A3C1-860BF228245B}.Debug|iPhone.Deploy.0 = Debug|iPhone
		{4991C4C3-DDA8-4AFF-A3C1-860BF228245B}.Debug|iPhoneSimulator.ActiveCfg = Debug|iPhoneSimulator
		{4991C4C3-DDA8-4AFF-A3C1-860BF228245B}.Debug|iPhoneSimulator.Build.0 = Debug|iPhoneSimulator
		{4991C4C3-DDA8-4AFF-A3C1-860BF228245B}.Debug|iPhoneSimulator.Deploy.0 = Debug|iPhoneSimulator
		{4991C4C3-DDA8-4AFF-A3C1-860BF228245B}.Debug|x64.ActiveCfg = Debug|iPhone
		{4991C4C3-DDA8-4AFF-A3C1-860BF228245B}.Debug|x64.Build.0 = Debug|iPhone
		{4991C4C3-DDA8-4AFF-A3C1-860BF228245B}.Debug|x64.Deploy.0 = Debug|iPhone
		{4991C4C3-DDA8-4AFF-A3C1-860BF228245B}.Debug|x86.ActiveCfg = Debug|iPhone
		{4991C4C3-DDA8-4AFF-A3C1-860BF228245B}.Debug|x86.Build.0 = Debug|iPhone
		{4991C4C3-DDA8-4AFF-A3C1-860BF228245B}.Debug|x86.Deploy.0 = Debug|iPhone
		{4991C4C3-DDA8-4AFF-A3C1-860BF228245B}.Release|Any CPU.ActiveCfg = Release|iPhone
		{4991C4C3-DDA8-4AFF-A3C1-860BF228245B}.Release|Any CPU.Build.0 = Release|iPhone
		{4991C4C3-DDA8-4AFF-A3C1-860BF228245B}.Release|Any CPU.Deploy.0 = Release|iPhone
		{4991C4C3-DDA8-4AFF-A3C1-860BF228245B}.Release|ARM.ActiveCfg = Release|iPhone
		{4991C4C3-DDA8-4AFF-A3C1-860BF228245B}.Release|ARM.Build.0 = Release|iPhone
		{4991C4C3-DDA8-4AFF-A3C1-860BF228245B}.Release|ARM.Deploy.0 = Release|iPhone
		{4991C4C3-DDA8-4AFF-A3C1-860BF228245B}.Release|iPhone.ActiveCfg = Release|iPhone
		{4991C4C3-DDA8-4AFF-A3C1-860BF228245B}.Release|iPhone.Build.0 = Release|iPhone
		{4991C4C3-DDA8-4AFF-A3C1-860BF228245B}.Release|iPhone.Deploy.0 = Release|iPhone
		{4991C4C3-DDA8-4AFF-A3C1-860BF228245B}.Release|iPhoneSimulator.ActiveCfg = Release|iPhoneSimulator
		{4991C4C3-DDA8-4AFF-A3C1-860BF228245B}.Release|iPhoneSimulator.Build.0 = Release|iPhoneSimulator
		{4991C4C3-DDA8-4AFF-A3C1-860BF228245B}.Release|iPhoneSimulator.Deploy.0 = Release|iPhoneSimulator
		{4991C4C3-DDA8-4AFF-A3C1-860BF228245B}.Release|x64.ActiveCfg = Release|iPhone
		{4991C4C3-DDA8-4AFF-A3C1-860BF228245B}.Release|x64.Build.0 = Release|iPhone
		{4991C4C3-DDA8-4AFF-A3C1-860BF228245B}.Release|x64.Deploy.0 = Release|iPhone
		{4991C4C3-DDA8-4AFF-A3C1-860BF228245B}.Release|x86.ActiveCfg = Release|iPhone
		{4991C4C3-DDA8-4AFF-A3C1-860BF228245B}.Release|x86.Build.0 = Release|iPhone
		{4991C4C3-DDA8-4AFF-A3C1-860BF228245B}.Release|x86.Deploy.0 = Release|iPhone
		{03FE6513-F9AA-4FE7-B383-CB91DEBE61C2}.Ad-Hoc|Any CPU.ActiveCfg = Release|x86
		{03FE6513-F9AA-4FE7-B383-CB91DEBE61C2}.Ad-Hoc|Any CPU.Build.0 = Release|x86
		{03FE6513-F9AA-4FE7-B383-CB91DEBE61C2}.Ad-Hoc|Any CPU.Deploy.0 = Release|x86
		{03FE6513-F9AA-4FE7-B383-CB91DEBE61C2}.Ad-Hoc|ARM.ActiveCfg = Release|ARM
		{03FE6513-F9AA-4FE7-B383-CB91DEBE61C2}.Ad-Hoc|ARM.Build.0 = Release|ARM
		{03FE6513-F9AA-4FE7-B383-CB91DEBE61C2}.Ad-Hoc|ARM.Deploy.0 = Release|ARM
		{03FE6513-F9AA-4FE7-B383-CB91DEBE61C2}.Ad-Hoc|iPhone.ActiveCfg = Release|x86
		{03FE6513-F9AA-4FE7-B383-CB91DEBE61C2}.Ad-Hoc|iPhone.Build.0 = Release|x86
		{03FE6513-F9AA-4FE7-B383-CB91DEBE61C2}.Ad-Hoc|iPhone.Deploy.0 = Release|x86
		{03FE6513-F9AA-4FE7-B383-CB91DEBE61C2}.Ad-Hoc|iPhoneSimulator.ActiveCfg = Release|x86
		{03FE6513-F9AA-4FE7-B383-CB91DEBE61C2}.Ad-Hoc|iPhoneSimulator.Build.0 = Release|x86
		{03FE6513-F9AA-4FE7-B383-CB91DEBE61C2}.Ad-Hoc|iPhoneSimulator.Deploy.0 = Release|x86
		{03FE6513-F9AA-4FE7-B383-CB91DEBE61C2}.Ad-Hoc|x64.ActiveCfg = Release|x64
		{03FE6513-F9AA-4FE7-B383-CB91DEBE61C2}.Ad-Hoc|x64.Build.0 = Release|x64
		{03FE6513-F9AA-4FE7-B383-CB91DEBE61C2}.Ad-Hoc|x64.Deploy.0 = Release|x64
		{03FE6513-F9AA-4FE7-B383-CB91DEBE61C2}.Ad-Hoc|x86.ActiveCfg = Release|x86
		{03FE6513-F9AA-4FE7-B383-CB91DEBE61C2}.Ad-Hoc|x86.Build.0 = Release|x86
		{03FE6513-F9AA-4FE7-B383-CB91DEBE61C2}.Ad-Hoc|x86.Deploy.0 = Release|x86
		{03FE6513-F9AA-4FE7-B383-CB91DEBE61C2}.AppStore|Any CPU.ActiveCfg = Release|x86
		{03FE6513-F9AA-4FE7-B383-CB91DEBE61C2}.AppStore|Any CPU.Build.0 = Release|x86
		{03FE6513-F9AA-4FE7-B383-CB91DEBE61C2}.AppStore|Any CPU.Deploy.0 = Release|x86
		{03FE6513-F9AA-4FE7-B383-CB91DEBE61C2}.AppStore|ARM.ActiveCfg = Release|ARM
		{03FE6513-F9AA-4FE7-B383-CB91DEBE61C2}.AppStore|ARM.Build.0 = Release|ARM
		{03FE6513-F9AA-4FE7-B383-CB91DEBE61C2}.AppStore|ARM.Deploy.0 = Release|ARM
		{03FE6513-F9AA-4FE7-B383-CB91DEBE61C2}.AppStore|iPhone.ActiveCfg = Release|x86
		{03FE6513-F9AA-4FE7-B383-CB91DEBE61C2}.AppStore|iPhone.Build.0 = Release|x86
		{03FE6513-F9AA-4FE7-B383-CB91DEBE61C2}.AppStore|iPhone.Deploy.0 = Release|x86
		{03FE6513-F9AA-4FE7-B383-CB91DEBE61C2}.AppStore|iPhoneSimulator.ActiveCfg = Release|x86
		{03FE6513-F9AA-4FE7-B383-CB91DEBE61C2}.AppStore|iPhoneSimulator.Build.0 = Release|x86
		{03FE6513-F9AA-4FE7-B383-CB91DEBE61C2}.AppStore|iPhoneSimulator.Deploy.0 = Release|x86
		{03FE6513-F9AA-4FE7-B383-CB91DEBE61C2}.AppStore|x64.ActiveCfg = Release|x64
		{03FE6513-F9AA-4FE7-B383-CB91DEBE61C2}.AppStore|x64.Build.0 = Release|x64
		{03FE6513-F9AA-4FE7-B383-CB91DEBE61C2}.AppStore|x64.Deploy.0 = Release|x64
		{03FE6513-F9AA-4FE7-B383-CB91DEBE61C2}.AppStore|x86.ActiveCfg = Release|x86
		{03FE6513-F9AA-4FE7-B383-CB91DEBE61C2}.AppStore|x86.Build.0 = Release|x86
		{03FE6513-F9AA-4FE7-B383-CB91DEBE61C2}.AppStore|x86.Deploy.0 = Release|x86
		{03FE6513-F9AA-4FE7-B383-CB91DEBE61C2}.Debug|Any CPU.ActiveCfg = Debug|x86
		{03FE6513-F9AA-4FE7-B383-CB91DEBE61C2}.Debug|Any CPU.Build.0 = Debug|x86
		{03FE6513-F9AA-4FE7-B383-CB91DEBE61C2}.Debug|Any CPU.Deploy.0 = Debug|x86
		{03FE6513-F9AA-4FE7-B383-CB91DEBE61C2}.Debug|ARM.ActiveCfg = Debug|ARM
		{03FE6513-F9AA-4FE7-B383-CB91DEBE61C2}.Debug|ARM.Build.0 = Debug|ARM
		{03FE6513-F9AA-4FE7-B383-CB91DEBE61C2}.Debug|ARM.Deploy.0 = Debug|ARM
		{03FE6513-F9AA-4FE7-B383-CB91DEBE61C2}.Debug|iPhone.ActiveCfg = Debug|x86
		{03FE6513-F9AA-4FE7-B383-CB91DEBE61C2}.Debug|iPhone.Build.0 = Debug|x86
		{03FE6513-F9AA-4FE7-B383-CB91DEBE61C2}.Debug|iPhone.Deploy.0 = Debug|x86
		{03FE6513-F9AA-4FE7-B383-CB91DEBE61C2}.Debug|iPhoneSimulator.ActiveCfg = Debug|x86
		{03FE6513-F9AA-4FE7-B383-CB91DEBE61C2}.Debug|iPhoneSimulator.Build.0 = Debug|x86
		{03FE6513-F9AA-4FE7-B383-CB91DEBE61C2}.Debug|iPhoneSimulator.Deploy.0 = Debug|x86
		{03FE6513-F9AA-4FE7-B383-CB91DEBE61C2}.Debug|x64.ActiveCfg = Debug|x64
		{03FE6513-F9AA-4FE7-B383-CB91DEBE61C2}.Debug|x64.Build.0 = Debug|x64
		{03FE6513-F9AA-4FE7-B383-CB91DEBE61C2}.Debug|x64.Deploy.0 = Debug|x64
		{03FE6513-F9AA-4FE7-B383-CB91DEBE61C2}.Debug|x86.ActiveCfg = Debug|x86
		{03FE6513-F9AA-4FE7-B383-CB91DEBE61C2}.Debug|x86.Build.0 = Debug|x86
		{03FE6513-F9AA-4FE7-B383-CB91DEBE61C2}.Debug|x86.Deploy.0 = Debug|x86
		{03FE6513-F9AA-4FE7-B383-CB91DEBE61C2}.Release|Any CPU.ActiveCfg = Release|x86
		{03FE6513-F9AA-4FE7-B383-CB91DEBE61C2}.Release|Any CPU.Build.0 = Release|x86
		{03FE6513-F9AA-4FE7-B383-CB91DEBE61C2}.Release|Any CPU.Deploy.0 = Release|x86
		{03FE6513-F9AA-4FE7-B383-CB91DEBE61C2}.Release|ARM.ActiveCfg = Release|ARM
		{03FE6513-F9AA-4FE7-B383-CB91DEBE61C2}.Release|ARM.Build.0 = Release|ARM
		{03FE6513-F9AA-4FE7-B383-CB91DEBE61C2}.Release|ARM.Deploy.0 = Release|ARM
		{03FE6513-F9AA-4FE7-B383-CB91DEBE61C2}.Release|iPhone.ActiveCfg = Release|x86
		{03FE6513-F9AA-4FE7-B383-CB91DEBE61C2}.Release|iPhone.Build.0 = Release|x86
		{03FE6513-F9AA-4FE7-B383-CB91DEBE61C2}.Release|iPhone.Deploy.0 = Release|x86
		{03FE6513-F9AA-4FE7-B383-CB91DEBE61C2}.Release|iPhoneSimulator.ActiveCfg = Release|x86
		{03FE6513-F9AA-4FE7-B383-CB91DEBE61C2}.Release|iPhoneSimulator.Build.0 = Release|x86
		{03FE6513-F9AA-4FE7-B383-CB91DEBE61C2}.Release|iPhoneSimulator.Deploy.0 = Release|x86
		{03FE6513-F9AA-4FE7-B383-CB91DEBE61C2}.Release|x64.ActiveCfg = Release|x64
		{03FE6513-F9AA-4FE7-B383-CB91DEBE61C2}.Release|x64.Build.0 = Release|x64
		{03FE6513-F9AA-4FE7-B383-CB91DEBE61C2}.Release|x64.Deploy.0 = Release|x64
		{03FE6513-F9AA-4FE7-B383-CB91DEBE61C2}.Release|x86.ActiveCfg = Release|x86
		{03FE6513-F9AA-4FE7-B383-CB91DEBE61C2}.Release|x86.Build.0 = Release|x86
		{03FE6513-F9AA-4FE7-B383-CB91DEBE61C2}.Release|x86.Deploy.0 = Release|x86
		{7FE26DE1-D103-4AC1-A111-53127639320E}.Ad-Hoc|Any CPU.ActiveCfg = Debug|Any CPU
		{7FE26DE1-D103-4AC1-A111-53127639320E}.Ad-Hoc|Any CPU.Build.0 = Debug|Any CPU
		{7FE26DE1-D103-4AC1-A111-53127639320E}.Ad-Hoc|Any CPU.Deploy.0 = Debug|Any CPU
		{7FE26DE1-D103-4AC1-A111-53127639320E}.Ad-Hoc|ARM.ActiveCfg = Debug|Any CPU
		{7FE26DE1-D103-4AC1-A111-53127639320E}.Ad-Hoc|ARM.Build.0 = Debug|Any CPU
		{7FE26DE1-D103-4AC1-A111-53127639320E}.Ad-Hoc|ARM.Deploy.0 = Debug|Any CPU
		{7FE26DE1-D103-4AC1-A111-53127639320E}.Ad-Hoc|iPhone.ActiveCfg = Debug|Any CPU
		{7FE26DE1-D103-4AC1-A111-53127639320E}.Ad-Hoc|iPhone.Build.0 = Debug|Any CPU
		{7FE26DE1-D103-4AC1-A111-53127639320E}.Ad-Hoc|iPhone.Deploy.0 = Debug|Any CPU
		{7FE26DE1-D103-4AC1-A111-53127639320E}.Ad-Hoc|iPhoneSimulator.ActiveCfg = Debug|Any CPU
		{7FE26DE1-D103-4AC1-A111-53127639320E}.Ad-Hoc|iPhoneSimulator.Build.0 = Debug|Any CPU
		{7FE26DE1-D103-4AC1-A111-53127639320E}.Ad-Hoc|iPhoneSimulator.Deploy.0 = Debug|Any CPU
		{7FE26DE1-D103-4AC1-A111-53127639320E}.Ad-Hoc|x64.ActiveCfg = Debug|Any CPU
		{7FE26DE1-D103-4AC1-A111-53127639320E}.Ad-Hoc|x64.Build.0 = Debug|Any CPU
		{7FE26DE1-D103-4AC1-A111-53127639320E}.Ad-Hoc|x64.Deploy.0 = Debug|Any CPU
		{7FE26DE1-D103-4AC1-A111-53127639320E}.Ad-Hoc|x86.ActiveCfg = Debug|Any CPU
		{7FE26DE1-D103-4AC1-A111-53127639320E}.Ad-Hoc|x86.Build.0 = Debug|Any CPU
		{7FE26DE1-D103-4AC1-A111-53127639320E}.Ad-Hoc|x86.Deploy.0 = Debug|Any CPU
		{7FE26DE1-D103-4AC1-A111-53127639320E}.AppStore|Any CPU.ActiveCfg = Debug|Any CPU
		{7FE26DE1-D103-4AC1-A111-53127639320E}.AppStore|Any CPU.Build.0 = Debug|Any CPU
		{7FE26DE1-D103-4AC1-A111-53127639320E}.AppStore|Any CPU.Deploy.0 = Debug|Any CPU
		{7FE26DE1-D103-4AC1-A111-53127639320E}.AppStore|ARM.ActiveCfg = Debug|Any CPU
		{7FE26DE1-D103-4AC1-A111-53127639320E}.AppStore|ARM.Build.0 = Debug|Any CPU
		{7FE26DE1-D103-4AC1-A111-53127639320E}.AppStore|ARM.Deploy.0 = Debug|Any CPU
		{7FE26DE1-D103-4AC1-A111-53127639320E}.AppStore|iPhone.ActiveCfg = Debug|Any CPU
		{7FE26DE1-D103-4AC1-A111-53127639320E}.AppStore|iPhone.Build.0 = Debug|Any CPU
		{7FE26DE1-D103-4AC1-A111-53127639320E}.AppStore|iPhone.Deploy.0 = Debug|Any CPU
		{7FE26DE1-D103-4AC1-A111-53127639320E}.AppStore|iPhoneSimulator.ActiveCfg = Debug|Any CPU
		{7FE26DE1-D103-4AC1-A111-53127639320E}.AppStore|iPhoneSimulator.Build.0 = Debug|Any CPU
		{7FE26DE1-D103-4AC1-A111-53127639320E}.AppStore|iPhoneSimulator.Deploy.0 = Debug|Any CPU
		{7FE26DE1-D103-4AC1-A111-53127639320E}.AppStore|x64.ActiveCfg = Debug|Any CPU
		{7FE26DE1-D103-4AC1-A111-53127639320E}.AppStore|x64.Build.0 = Debug|Any CPU
		{7FE26DE1-D103-4AC1-A111-53127639320E}.AppStore|x64.Deploy.0 = Debug|Any CPU
		{7FE26DE1-D103-4AC1-A111-53127639320E}.AppStore|x86.ActiveCfg = Debug|Any CPU
		{7FE26DE1-D103-4AC1-A111-53127639320E}.AppStore|x86.Build.0 = Debug|Any CPU
		{7FE26DE1-D103-4AC1-A111-53127639320E}.AppStore|x86.Deploy.0 = Debug|Any CPU
		{7FE26DE1-D103-4AC1-A111-53127639320E}.Debug|Any CPU.ActiveCfg = Debug|Any CPU
		{7FE26DE1-D103-4AC1-A111-53127639320E}.Debug|Any CPU.Build.0 = Debug|Any CPU
		{7FE26DE1-D103-4AC1-A111-53127639320E}.Debug|Any CPU.Deploy.0 = Debug|Any CPU
		{7FE26DE1-D103-4AC1-A111-53127639320E}.Debug|ARM.ActiveCfg = Debug|Any CPU
		{7FE26DE1-D103-4AC1-A111-53127639320E}.Debug|ARM.Build.0 = Debug|Any CPU
		{7FE26DE1-D103-4AC1-A111-53127639320E}.Debug|ARM.Deploy.0 = Debug|Any CPU
		{7FE26DE1-D103-4AC1-A111-53127639320E}.Debug|iPhone.ActiveCfg = Debug|Any CPU
		{7FE26DE1-D103-4AC1-A111-53127639320E}.Debug|iPhone.Build.0 = Debug|Any CPU
		{7FE26DE1-D103-4AC1-A111-53127639320E}.Debug|iPhone.Deploy.0 = Debug|Any CPU
		{7FE26DE1-D103-4AC1-A111-53127639320E}.Debug|iPhoneSimulator.ActiveCfg = Debug|Any CPU
		{7FE26DE1-D103-4AC1-A111-53127639320E}.Debug|iPhoneSimulator.Build.0 = Debug|Any CPU
		{7FE26DE1-D103-4AC1-A111-53127639320E}.Debug|iPhoneSimulator.Deploy.0 = Debug|Any CPU
		{7FE26DE1-D103-4AC1-A111-53127639320E}.Debug|x64.ActiveCfg = Debug|Any CPU
		{7FE26DE1-D103-4AC1-A111-53127639320E}.Debug|x64.Build.0 = Debug|Any CPU
		{7FE26DE1-D103-4AC1-A111-53127639320E}.Debug|x64.Deploy.0 = Debug|Any CPU
		{7FE26DE1-D103-4AC1-A111-53127639320E}.Debug|x86.ActiveCfg = Debug|Any CPU
		{7FE26DE1-D103-4AC1-A111-53127639320E}.Debug|x86.Build.0 = Debug|Any CPU
		{7FE26DE1-D103-4AC1-A111-53127639320E}.Debug|x86.Deploy.0 = Debug|Any CPU
		{7FE26DE1-D103-4AC1-A111-53127639320E}.Release|Any CPU.ActiveCfg = Release|Any CPU
		{7FE26DE1-D103-4AC1-A111-53127639320E}.Release|Any CPU.Build.0 = Release|Any CPU
		{7FE26DE1-D103-4AC1-A111-53127639320E}.Release|Any CPU.Deploy.0 = Release|Any CPU
		{7FE26DE1-D103-4AC1-A111-53127639320E}.Release|ARM.ActiveCfg = Release|Any CPU
		{7FE26DE1-D103-4AC1-A111-53127639320E}.Release|ARM.Build.0 = Release|Any CPU
		{7FE26DE1-D103-4AC1-A111-53127639320E}.Release|ARM.Deploy.0 = Release|Any CPU
		{7FE26DE1-D103-4AC1-A111-53127639320E}.Release|iPhone.ActiveCfg = Release|Any CPU
		{7FE26DE1-D103-4AC1-A111-53127639320E}.Release|iPhone.Build.0 = Release|Any CPU
		{7FE26DE1-D103-4AC1-A111-53127639320E}.Release|iPhone.Deploy.0 = Release|Any CPU
		{7FE26DE1-D103-4AC1-A111-53127639320E}.Release|iPhoneSimulator.ActiveCfg = Release|Any CPU
		{7FE26DE1-D103-4AC1-A111-53127639320E}.Release|iPhoneSimulator.Build.0 = Release|Any CPU
		{7FE26DE1-D103-4AC1-A111-53127639320E}.Release|iPhoneSimulator.Deploy.0 = Release|Any CPU
		{7FE26DE1-D103-4AC1-A111-53127639320E}.Release|x64.ActiveCfg = Release|Any CPU
		{7FE26DE1-D103-4AC1-A111-53127639320E}.Release|x64.Build.0 = Release|Any CPU
		{7FE26DE1-D103-4AC1-A111-53127639320E}.Release|x64.Deploy.0 = Release|Any CPU
		{7FE26DE1-D103-4AC1-A111-53127639320E}.Release|x86.ActiveCfg = Release|Any CPU
		{7FE26DE1-D103-4AC1-A111-53127639320E}.Release|x86.Build.0 = Release|Any CPU
		{7FE26DE1-D103-4AC1-A111-53127639320E}.Release|x86.Deploy.0 = Release|Any CPU
	EndGlobalSection
	GlobalSection(SolutionProperties) = preSolution
		HideSolutionNode = FALSE
	EndGlobalSection
	GlobalSection(ExtensibilityGlobals) = postSolution
		SolutionGuid = {2082173F-9C26-49A5-B045-0BC6355504AE}
	EndGlobalSection
EndGlobal
