
Microsoft Visual Studio Solution File, Format Version 12.00
# Visual Studio 15
VisualStudioVersion = 15.0.28307.106
MinimumVisualStudioVersion = 10.0.40219.1
Project("{FAE04EC0-301F-11D3-BF4B-00C04F79EFBC}") = "MyMapApp.Android", "MyMapApp\MyMapApp.Android\MyMapApp.Android.csproj", "{E20E7D36-54DA-41CC-B179-9BC882FDEC6D}"
EndProject
Project("{FAE04EC0-301F-11D3-BF4B-00C04F79EFBC}") = "MyMapApp.iOS", "MyMapApp\MyMapApp.iOS\MyMapApp.iOS.csproj", "{51806A41-E992-46AB-A29D-C786153A96AE}"
EndProject
Project("{FAE04EC0-301F-11D3-BF4B-00C04F79EFBC}") = "MyMapApp.UWP", "MyMapApp\MyMapApp.UWP\MyMapApp.UWP.csproj", "{2C4BC190-D387-460B-A483-89DB49D12580}"
EndProject
Project("{FAE04EC0-301F-11D3-BF4B-00C04F79EFBC}") = "MyMapApp", "MyMapApp\MyMapApp\MyMapApp.csproj", "{373FCA51-7743-49B1-BD06-4981E161A7F2}"
EndProject
Global
	GlobalSection(SolutionConfigurationPlatforms) = preSolution
		Ad-Hoc|Any CPU = Ad-Hoc|Any CPU
		Ad-Hoc|ARM = Ad-Hoc|ARM
		Ad-Hoc|iPhone = Ad-Hoc|iPhone
		Ad-Hoc|iPhoneSimulator = Ad-Hoc|iPhoneSimulator
		Ad-Hoc|x64 = Ad-Hoc|x64
		Ad-Hoc|x86 = Ad-Hoc|x86
		AppStore|Any CPU = AppStore|Any CPU
		AppStore|ARM = AppStore|ARM
		AppStore|iPhone = AppStore|iPhone
		AppStore|iPhoneSimulator = AppStore|iPhoneSimulator
		AppStore|x64 = AppStore|x64
		AppStore|x86 = AppStore|x86
		Debug|Any CPU = Debug|Any CPU
		Debug|ARM = Debug|ARM
		Debug|iPhone = Debug|iPhone
		Debug|iPhoneSimulator = Debug|iPhoneSimulator
		Debug|x64 = Debug|x64
		Debug|x86 = Debug|x86
		Release|Any CPU = Release|Any CPU
		Release|ARM = Release|ARM
		Release|iPhone = Release|iPhone
		Release|iPhoneSimulator = Release|iPhoneSimulator
		Release|x64 = Release|x64
		Release|x86 = Release|x86
	EndGlobalSection
	GlobalSection(ProjectConfigurationPlatforms) = postSolution
		{E20E7D36-54DA-41CC-B179-9BC882FDEC6D}.Ad-Hoc|Any CPU.ActiveCfg = Release|Any CPU
		{E20E7D36-54DA-41CC-B179-9BC882FDEC6D}.Ad-Hoc|Any CPU.Build.0 = Release|Any CPU
		{E20E7D36-54DA-41CC-B179-9BC882FDEC6D}.Ad-Hoc|Any CPU.Deploy.0 = Release|Any CPU
		{E20E7D36-54DA-41CC-B179-9BC882FDEC6D}.Ad-Hoc|ARM.ActiveCfg = Release|Any CPU
		{E20E7D36-54DA-41CC-B179-9BC882FDEC6D}.Ad-Hoc|ARM.Build.0 = Release|Any CPU
		{E20E7D36-54DA-41CC-B179-9BC882FDEC6D}.Ad-Hoc|ARM.Deploy.0 = Release|Any CPU
		{E20E7D36-54DA-41CC-B179-9BC882FDEC6D}.Ad-Hoc|iPhone.ActiveCfg = Release|Any CPU
		{E20E7D36-54DA-41CC-B179-9BC882FDEC6D}.Ad-Hoc|iPhone.Build.0 = Release|Any CPU
		{E20E7D36-54DA-41CC-B179-9BC882FDEC6D}.Ad-Hoc|iPhone.Deploy.0 = Release|Any CPU
		{E20E7D36-54DA-41CC-B179-9BC882FDEC6D}.Ad-Hoc|iPhoneSimulator.ActiveCfg = Release|Any CPU
		{E20E7D36-54DA-41CC-B179-9BC882FDEC6D}.Ad-Hoc|iPhoneSimulator.Build.0 = Release|Any CPU
		{E20E7D36-54DA-41CC-B179-9BC882FDEC6D}.Ad-Hoc|iPhoneSimulator.Deploy.0 = Release|Any CPU
		{E20E7D36-54DA-41CC-B179-9BC882FDEC6D}.Ad-Hoc|x64.ActiveCfg = Release|Any CPU
		{E20E7D36-54DA-41CC-B179-9BC882FDEC6D}.Ad-Hoc|x64.Build.0 = Release|Any CPU
		{E20E7D36-54DA-41CC-B179-9BC882FDEC6D}.Ad-Hoc|x64.Deploy.0 = Release|Any CPU
		{E20E7D36-54DA-41CC-B179-9BC882FDEC6D}.Ad-Hoc|x86.ActiveCfg = Release|Any CPU
		{E20E7D36-54DA-41CC-B179-9BC882FDEC6D}.Ad-Hoc|x86.Build.0 = Release|Any CPU
		{E20E7D36-54DA-41CC-B179-9BC882FDEC6D}.Ad-Hoc|x86.Deploy.0 = Release|Any CPU
		{E20E7D36-54DA-41CC-B179-9BC882FDEC6D}.AppStore|Any CPU.ActiveCfg = Release|Any CPU
		{E20E7D36-54DA-41CC-B179-9BC882FDEC6D}.AppStore|Any CPU.Build.0 = Release|Any CPU
		{E20E7D36-54DA-41CC-B179-9BC882FDEC6D}.AppStore|Any CPU.Deploy.0 = Release|Any CPU
		{E20E7D36-54DA-41CC-B179-9BC882FDEC6D}.AppStore|ARM.ActiveCfg = Release|Any CPU
		{E20E7D36-54DA-41CC-B179-9BC882FDEC6D}.AppStore|ARM.Build.0 = Release|Any CPU
		{E20E7D36-54DA-41CC-B179-9BC882FDEC6D}.AppStore|ARM.Deploy.0 = Release|Any CPU
		{E20E7D36-54DA-41CC-B179-9BC882FDEC6D}.AppStore|iPhone.ActiveCfg = Release|Any CPU
		{E20E7D36-54DA-41CC-B179-9BC882FDEC6D}.AppStore|iPhone.Build.0 = Release|Any CPU
		{E20E7D36-54DA-41CC-B179-9BC882FDEC6D}.AppStore|iPhone.Deploy.0 = Release|Any CPU
		{E20E7D36-54DA-41CC-B179-9BC882FDEC6D}.AppStore|iPhoneSimulator.ActiveCfg = Release|Any CPU
		{E20E7D36-54DA-41CC-B179-9BC882FDEC6D}.AppStore|iPhoneSimulator.Build.0 = Release|Any CPU
		{E20E7D36-54DA-41CC-B179-9BC882FDEC6D}.AppStore|iPhoneSimulator.Deploy.0 = Release|Any CPU
		{E20E7D36-54DA-41CC-B179-9BC882FDEC6D}.AppStore|x64.ActiveCfg = Release|Any CPU
		{E20E7D36-54DA-41CC-B179-9BC882FDEC6D}.AppStore|x64.Build.0 = Release|Any CPU
		{E20E7D36-54DA-41CC-B179-9BC882FDEC6D}.AppStore|x64.Deploy.0 = Release|Any CPU
		{E20E7D36-54DA-41CC-B179-9BC882FDEC6D}.AppStore|x86.ActiveCfg = Release|Any CPU
		{E20E7D36-54DA-41CC-B179-9BC882FDEC6D}.AppStore|x86.Build.0 = Release|Any CPU
		{E20E7D36-54DA-41CC-B179-9BC882FDEC6D}.AppStore|x86.Deploy.0 = Release|Any CPU
		{E20E7D36-54DA-41CC-B179-9BC882FDEC6D}.Debug|Any CPU.ActiveCfg = Debug|Any CPU
		{E20E7D36-54DA-41CC-B179-9BC882FDEC6D}.Debug|Any CPU.Build.0 = Debug|Any CPU
		{E20E7D36-54DA-41CC-B179-9BC882FDEC6D}.Debug|Any CPU.Deploy.0 = Debug|Any CPU
		{E20E7D36-54DA-41CC-B179-9BC882FDEC6D}.Debug|ARM.ActiveCfg = Debug|Any CPU
		{E20E7D36-54DA-41CC-B179-9BC882FDEC6D}.Debug|ARM.Build.0 = Debug|Any CPU
		{E20E7D36-54DA-41CC-B179-9BC882FDEC6D}.Debug|ARM.Deploy.0 = Debug|Any CPU
		{E20E7D36-54DA-41CC-B179-9BC882FDEC6D}.Debug|iPhone.ActiveCfg = Debug|Any CPU
		{E20E7D36-54DA-41CC-B179-9BC882FDEC6D}.Debug|iPhone.Build.0 = Debug|Any CPU
		{E20E7D36-54DA-41CC-B179-9BC882FDEC6D}.Debug|iPhone.Deploy.0 = Debug|Any CPU
		{E20E7D36-54DA-41CC-B179-9BC882FDEC6D}.Debug|iPhoneSimulator.ActiveCfg = Debug|Any CPU
		{E20E7D36-54DA-41CC-B179-9BC882FDEC6D}.Debug|iPhoneSimulator.Build.0 = Debug|Any CPU
		{E20E7D36-54DA-41CC-B179-9BC882FDEC6D}.Debug|iPhoneSimulator.Deploy.0 = Debug|Any CPU
		{E20E7D36-54DA-41CC-B179-9BC882FDEC6D}.Debug|x64.ActiveCfg = Debug|Any CPU
		{E20E7D36-54DA-41CC-B179-9BC882FDEC6D}.Debug|x64.Build.0 = Debug|Any CPU
		{E20E7D36-54DA-41CC-B179-9BC882FDEC6D}.Debug|x64.Deploy.0 = Debug|Any CPU
		{E20E7D36-54DA-41CC-B179-9BC882FDEC6D}.Debug|x86.ActiveCfg = Debug|Any CPU
		{E20E7D36-54DA-41CC-B179-9BC882FDEC6D}.Debug|x86.Build.0 = Debug|Any CPU
		{E20E7D36-54DA-41CC-B179-9BC882FDEC6D}.Debug|x86.Deploy.0 = Debug|Any CPU
		{E20E7D36-54DA-41CC-B179-9BC882FDEC6D}.Release|Any CPU.ActiveCfg = Release|Any CPU
		{E20E7D36-54DA-41CC-B179-9BC882FDEC6D}.Release|Any CPU.Build.0 = Release|Any CPU
		{E20E7D36-54DA-41CC-B179-9BC882FDEC6D}.Release|Any CPU.Deploy.0 = Release|Any CPU
		{E20E7D36-54DA-41CC-B179-9BC882FDEC6D}.Release|ARM.ActiveCfg = Release|Any CPU
		{E20E7D36-54DA-41CC-B179-9BC882FDEC6D}.Release|ARM.Build.0 = Release|Any CPU
		{E20E7D36-54DA-41CC-B179-9BC882FDEC6D}.Release|ARM.Deploy.0 = Release|Any CPU
		{E20E7D36-54DA-41CC-B179-9BC882FDEC6D}.Release|iPhone.ActiveCfg = Release|Any CPU
		{E20E7D36-54DA-41CC-B179-9BC882FDEC6D}.Release|iPhone.Build.0 = Release|Any CPU
		{E20E7D36-54DA-41CC-B179-9BC882FDEC6D}.Release|iPhone.Deploy.0 = Release|Any CPU
		{E20E7D36-54DA-41CC-B179-9BC882FDEC6D}.Release|iPhoneSimulator.ActiveCfg = Release|Any CPU
		{E20E7D36-54DA-41CC-B179-9BC882FDEC6D}.Release|iPhoneSimulator.Build.0 = Release|Any CPU
		{E20E7D36-54DA-41CC-B179-9BC882FDEC6D}.Release|iPhoneSimulator.Deploy.0 = Release|Any CPU
		{E20E7D36-54DA-41CC-B179-9BC882FDEC6D}.Release|x64.ActiveCfg = Release|Any CPU
		{E20E7D36-54DA-41CC-B179-9BC882FDEC6D}.Release|x64.Build.0 = Release|Any CPU
		{E20E7D36-54DA-41CC-B179-9BC882FDEC6D}.Release|x64.Deploy.0 = Release|Any CPU
		{E20E7D36-54DA-41CC-B179-9BC882FDEC6D}.Release|x86.ActiveCfg = Release|Any CPU
		{E20E7D36-54DA-41CC-B179-9BC882FDEC6D}.Release|x86.Build.0 = Release|Any CPU
		{E20E7D36-54DA-41CC-B179-9BC882FDEC6D}.Release|x86.Deploy.0 = Release|Any CPU
		{51806A41-E992-46AB-A29D-C786153A96AE}.Ad-Hoc|Any CPU.ActiveCfg = Ad-Hoc|iPhone
		{51806A41-E992-46AB-A29D-C786153A96AE}.Ad-Hoc|Any CPU.Build.0 = Ad-Hoc|iPhone
		{51806A41-E992-46AB-A29D-C786153A96AE}.Ad-Hoc|Any CPU.Deploy.0 = Ad-Hoc|iPhone
		{51806A41-E992-46AB-A29D-C786153A96AE}.Ad-Hoc|ARM.ActiveCfg = Ad-Hoc|iPhone
		{51806A41-E992-46AB-A29D-C786153A96AE}.Ad-Hoc|ARM.Build.0 = Ad-Hoc|iPhone
		{51806A41-E992-46AB-A29D-C786153A96AE}.Ad-Hoc|ARM.Deploy.0 = Ad-Hoc|iPhone
		{51806A41-E992-46AB-A29D-C786153A96AE}.Ad-Hoc|iPhone.ActiveCfg = Ad-Hoc|iPhone
		{51806A41-E992-46AB-A29D-C786153A96AE}.Ad-Hoc|iPhone.Build.0 = Ad-Hoc|iPhone
		{51806A41-E992-46AB-A29D-C786153A96AE}.Ad-Hoc|iPhone.Deploy.0 = Ad-Hoc|iPhone
		{51806A41-E992-46AB-A29D-C786153A96AE}.Ad-Hoc|iPhoneSimulator.ActiveCfg = Ad-Hoc|iPhoneSimulator
		{51806A41-E992-46AB-A29D-C786153A96AE}.Ad-Hoc|iPhoneSimulator.Build.0 = Ad-Hoc|iPhoneSimulator
		{51806A41-E992-46AB-A29D-C786153A96AE}.Ad-Hoc|iPhoneSimulator.Deploy.0 = Ad-Hoc|iPhoneSimulator
		{51806A41-E992-46AB-A29D-C786153A96AE}.Ad-Hoc|x64.ActiveCfg = Ad-Hoc|iPhone
		{51806A41-E992-46AB-A29D-C786153A96AE}.Ad-Hoc|x64.Build.0 = Ad-Hoc|iPhone
		{51806A41-E992-46AB-A29D-C786153A96AE}.Ad-Hoc|x64.Deploy.0 = Ad-Hoc|iPhone
		{51806A41-E992-46AB-A29D-C786153A96AE}.Ad-Hoc|x86.ActiveCfg = Ad-Hoc|iPhone
		{51806A41-E992-46AB-A29D-C786153A96AE}.Ad-Hoc|x86.Build.0 = Ad-Hoc|iPhone
		{51806A41-E992-46AB-A29D-C786153A96AE}.Ad-Hoc|x86.Deploy.0 = Ad-Hoc|iPhone
		{51806A41-E992-46AB-A29D-C786153A96AE}.AppStore|Any CPU.ActiveCfg = AppStore|iPhone
		{51806A41-E992-46AB-A29D-C786153A96AE}.AppStore|Any CPU.Build.0 = AppStore|iPhone
		{51806A41-E992-46AB-A29D-C786153A96AE}.AppStore|Any CPU.Deploy.0 = AppStore|iPhone
		{51806A41-E992-46AB-A29D-C786153A96AE}.AppStore|ARM.ActiveCfg = AppStore|iPhone
		{51806A41-E992-46AB-A29D-C786153A96AE}.AppStore|ARM.Build.0 = AppStore|iPhone
		{51806A41-E992-46AB-A29D-C786153A96AE}.AppStore|ARM.Deploy.0 = AppStore|iPhone
		{51806A41-E992-46AB-A29D-C786153A96AE}.AppStore|iPhone.ActiveCfg = AppStore|iPhone
		{51806A41-E992-46AB-A29D-C786153A96AE}.AppStore|iPhone.Build.0 = AppStore|iPhone
		{51806A41-E992-46AB-A29D-C786153A96AE}.AppStore|iPhone.Deploy.0 = AppStore|iPhone
		{51806A41-E992-46AB-A29D-C786153A96AE}.AppStore|iPhoneSimulator.ActiveCfg = AppStore|iPhoneSimulator
		{51806A41-E992-46AB-A29D-C786153A96AE}.AppStore|iPhoneSimulator.Build.0 = AppStore|iPhoneSimulator
		{51806A41-E992-46AB-A29D-C786153A96AE}.AppStore|iPhoneSimulator.Deploy.0 = AppStore|iPhoneSimulator
		{51806A41-E992-46AB-A29D-C786153A96AE}.AppStore|x64.ActiveCfg = AppStore|iPhone
		{51806A41-E992-46AB-A29D-C786153A96AE}.AppStore|x64.Build.0 = AppStore|iPhone
		{51806A41-E992-46AB-A29D-C786153A96AE}.AppStore|x64.Deploy.0 = AppStore|iPhone
		{51806A41-E992-46AB-A29D-C786153A96AE}.AppStore|x86.ActiveCfg = AppStore|iPhone
		{51806A41-E992-46AB-A29D-C786153A96AE}.AppStore|x86.Build.0 = AppStore|iPhone
		{51806A41-E992-46AB-A29D-C786153A96AE}.AppStore|x86.Deploy.0 = AppStore|iPhone
		{51806A41-E992-46AB-A29D-C786153A96AE}.Debug|Any CPU.ActiveCfg = Debug|iPhoneSimulator
		{51806A41-E992-46AB-A29D-C786153A96AE}.Debug|Any CPU.Build.0 = Debug|iPhoneSimulator
		{51806A41-E992-46AB-A29D-C786153A96AE}.Debug|Any CPU.Deploy.0 = Debug|iPhoneSimulator
		{51806A41-E992-46AB-A29D-C786153A96AE}.Debug|ARM.ActiveCfg = Debug|iPhone
		{51806A41-E992-46AB-A29D-C786153A96AE}.Debug|ARM.Build.0 = Debug|iPhone
		{51806A41-E992-46AB-A29D-C786153A96AE}.Debug|ARM.Deploy.0 = Debug|iPhone
		{51806A41-E992-46AB-A29D-C786153A96AE}.Debug|iPhone.ActiveCfg = Debug|iPhone
		{51806A41-E992-46AB-A29D-C786153A96AE}.Debug|iPhone.Build.0 = Debug|iPhone
		{51806A41-E992-46AB-A29D-C786153A96AE}.Debug|iPhone.Deploy.0 = Debug|iPhone
		{51806A41-E992-46AB-A29D-C786153A96AE}.Debug|iPhoneSimulator.ActiveCfg = Debug|iPhoneSimulator
		{51806A41-E992-46AB-A29D-C786153A96AE}.Debug|iPhoneSimulator.Build.0 = Debug|iPhoneSimulator
		{51806A41-E992-46AB-A29D-C786153A96AE}.Debug|iPhoneSimulator.Deploy.0 = Debug|iPhoneSimulator
		{51806A41-E992-46AB-A29D-C786153A96AE}.Debug|x64.ActiveCfg = Debug|iPhone
		{51806A41-E992-46AB-A29D-C786153A96AE}.Debug|x64.Build.0 = Debug|iPhone
		{51806A41-E992-46AB-A29D-C786153A96AE}.Debug|x64.Deploy.0 = Debug|iPhone
		{51806A41-E992-46AB-A29D-C786153A96AE}.Debug|x86.ActiveCfg = Debug|iPhone
		{51806A41-E992-46AB-A29D-C786153A96AE}.Debug|x86.Build.0 = Debug|iPhone
		{51806A41-E992-46AB-A29D-C786153A96AE}.Debug|x86.Deploy.0 = Debug|iPhone
		{51806A41-E992-46AB-A29D-C786153A96AE}.Release|Any CPU.ActiveCfg = Release|iPhone
		{51806A41-E992-46AB-A29D-C786153A96AE}.Release|Any CPU.Build.0 = Release|iPhone
		{51806A41-E992-46AB-A29D-C786153A96AE}.Release|Any CPU.Deploy.0 = Release|iPhone
		{51806A41-E992-46AB-A29D-C786153A96AE}.Release|ARM.ActiveCfg = Release|iPhone
		{51806A41-E992-46AB-A29D-C786153A96AE}.Release|ARM.Build.0 = Release|iPhone
		{51806A41-E992-46AB-A29D-C786153A96AE}.Release|ARM.Deploy.0 = Release|iPhone
		{51806A41-E992-46AB-A29D-C786153A96AE}.Release|iPhone.ActiveCfg = Release|iPhone
		{51806A41-E992-46AB-A29D-C786153A96AE}.Release|iPhone.Build.0 = Release|iPhone
		{51806A41-E992-46AB-A29D-C786153A96AE}.Release|iPhone.Deploy.0 = Release|iPhone
		{51806A41-E992-46AB-A29D-C786153A96AE}.Release|iPhoneSimulator.ActiveCfg = Release|iPhoneSimulator
		{51806A41-E992-46AB-A29D-C786153A96AE}.Release|iPhoneSimulator.Build.0 = Release|iPhoneSimulator
		{51806A41-E992-46AB-A29D-C786153A96AE}.Release|iPhoneSimulator.Deploy.0 = Release|iPhoneSimulator
		{51806A41-E992-46AB-A29D-C786153A96AE}.Release|x64.ActiveCfg = Release|iPhone
		{51806A41-E992-46AB-A29D-C786153A96AE}.Release|x64.Build.0 = Release|iPhone
		{51806A41-E992-46AB-A29D-C786153A96AE}.Release|x64.Deploy.0 = Release|iPhone
		{51806A41-E992-46AB-A29D-C786153A96AE}.Release|x86.ActiveCfg = Release|iPhone
		{51806A41-E992-46AB-A29D-C786153A96AE}.Release|x86.Build.0 = Release|iPhone
		{51806A41-E992-46AB-A29D-C786153A96AE}.Release|x86.Deploy.0 = Release|iPhone
		{2C4BC190-D387-460B-A483-89DB49D12580}.Ad-Hoc|Any CPU.ActiveCfg = Release|x86
		{2C4BC190-D387-460B-A483-89DB49D12580}.Ad-Hoc|Any CPU.Build.0 = Release|x86
		{2C4BC190-D387-460B-A483-89DB49D12580}.Ad-Hoc|Any CPU.Deploy.0 = Release|x86
		{2C4BC190-D387-460B-A483-89DB49D12580}.Ad-Hoc|ARM.ActiveCfg = Release|ARM
		{2C4BC190-D387-460B-A483-89DB49D12580}.Ad-Hoc|ARM.Build.0 = Release|ARM
		{2C4BC190-D387-460B-A483-89DB49D12580}.Ad-Hoc|ARM.Deploy.0 = Release|ARM
		{2C4BC190-D387-460B-A483-89DB49D12580}.Ad-Hoc|iPhone.ActiveCfg = Release|x86
		{2C4BC190-D387-460B-A483-89DB49D12580}.Ad-Hoc|iPhone.Build.0 = Release|x86
		{2C4BC190-D387-460B-A483-89DB49D12580}.Ad-Hoc|iPhone.Deploy.0 = Release|x86
		{2C4BC190-D387-460B-A483-89DB49D12580}.Ad-Hoc|iPhoneSimulator.ActiveCfg = Release|x86
		{2C4BC190-D387-460B-A483-89DB49D12580}.Ad-Hoc|iPhoneSimulator.Build.0 = Release|x86
		{2C4BC190-D387-460B-A483-89DB49D12580}.Ad-Hoc|iPhoneSimulator.Deploy.0 = Release|x86
		{2C4BC190-D387-460B-A483-89DB49D12580}.Ad-Hoc|x64.ActiveCfg = Release|x64
		{2C4BC190-D387-460B-A483-89DB49D12580}.Ad-Hoc|x64.Build.0 = Release|x64
		{2C4BC190-D387-460B-A483-89DB49D12580}.Ad-Hoc|x64.Deploy.0 = Release|x64
		{2C4BC190-D387-460B-A483-89DB49D12580}.Ad-Hoc|x86.ActiveCfg = Release|x86
		{2C4BC190-D387-460B-A483-89DB49D12580}.Ad-Hoc|x86.Build.0 = Release|x86
		{2C4BC190-D387-460B-A483-89DB49D12580}.Ad-Hoc|x86.Deploy.0 = Release|x86
		{2C4BC190-D387-460B-A483-89DB49D12580}.AppStore|Any CPU.ActiveCfg = Release|x86
		{2C4BC190-D387-460B-A483-89DB49D12580}.AppStore|Any CPU.Build.0 = Release|x86
		{2C4BC190-D387-460B-A483-89DB49D12580}.AppStore|Any CPU.Deploy.0 = Release|x86
		{2C4BC190-D387-460B-A483-89DB49D12580}.AppStore|ARM.ActiveCfg = Release|ARM
		{2C4BC190-D387-460B-A483-89DB49D12580}.AppStore|ARM.Build.0 = Release|ARM
		{2C4BC190-D387-460B-A483-89DB49D12580}.AppStore|ARM.Deploy.0 = Release|ARM
		{2C4BC190-D387-460B-A483-89DB49D12580}.AppStore|iPhone.ActiveCfg = Release|x86
		{2C4BC190-D387-460B-A483-89DB49D12580}.AppStore|iPhone.Build.0 = Release|x86
		{2C4BC190-D387-460B-A483-89DB49D12580}.AppStore|iPhone.Deploy.0 = Release|x86
		{2C4BC190-D387-460B-A483-89DB49D12580}.AppStore|iPhoneSimulator.ActiveCfg = Release|x86
		{2C4BC190-D387-460B-A483-89DB49D12580}.AppStore|iPhoneSimulator.Build.0 = Release|x86
		{2C4BC190-D387-460B-A483-89DB49D12580}.AppStore|iPhoneSimulator.Deploy.0 = Release|x86
		{2C4BC190-D387-460B-A483-89DB49D12580}.AppStore|x64.ActiveCfg = Release|x64
		{2C4BC190-D387-460B-A483-89DB49D12580}.AppStore|x64.Build.0 = Release|x64
		{2C4BC190-D387-460B-A483-89DB49D12580}.AppStore|x64.Deploy.0 = Release|x64
		{2C4BC190-D387-460B-A483-89DB49D12580}.AppStore|x86.ActiveCfg = Release|x86
		{2C4BC190-D387-460B-A483-89DB49D12580}.AppStore|x86.Build.0 = Release|x86
		{2C4BC190-D387-460B-A483-89DB49D12580}.AppStore|x86.Deploy.0 = Release|x86
		{2C4BC190-D387-460B-A483-89DB49D12580}.Debug|Any CPU.ActiveCfg = Debug|x86
		{2C4BC190-D387-460B-A483-89DB49D12580}.Debug|Any CPU.Build.0 = Debug|x86
		{2C4BC190-D387-460B-A483-89DB49D12580}.Debug|Any CPU.Deploy.0 = Debug|x86
		{2C4BC190-D387-460B-A483-89DB49D12580}.Debug|ARM.ActiveCfg = Debug|ARM
		{2C4BC190-D387-460B-A483-89DB49D12580}.Debug|ARM.Build.0 = Debug|ARM
		{2C4BC190-D387-460B-A483-89DB49D12580}.Debug|ARM.Deploy.0 = Debug|ARM
		{2C4BC190-D387-460B-A483-89DB49D12580}.Debug|iPhone.ActiveCfg = Debug|x86
		{2C4BC190-D387-460B-A483-89DB49D12580}.Debug|iPhone.Build.0 = Debug|x86
		{2C4BC190-D387-460B-A483-89DB49D12580}.Debug|iPhone.Deploy.0 = Debug|x86
		{2C4BC190-D387-460B-A483-89DB49D12580}.Debug|iPhoneSimulator.ActiveCfg = Debug|x86
		{2C4BC190-D387-460B-A483-89DB49D12580}.Debug|iPhoneSimulator.Build.0 = Debug|x86
		{2C4BC190-D387-460B-A483-89DB49D12580}.Debug|iPhoneSimulator.Deploy.0 = Debug|x86
		{2C4BC190-D387-460B-A483-89DB49D12580}.Debug|x64.ActiveCfg = Debug|x64
		{2C4BC190-D387-460B-A483-89DB49D12580}.Debug|x64.Build.0 = Debug|x64
		{2C4BC190-D387-460B-A483-89DB49D12580}.Debug|x64.Deploy.0 = Debug|x64
		{2C4BC190-D387-460B-A483-89DB49D12580}.Debug|x86.ActiveCfg = Debug|x86
		{2C4BC190-D387-460B-A483-89DB49D12580}.Debug|x86.Build.0 = Debug|x86
		{2C4BC190-D387-460B-A483-89DB49D12580}.Debug|x86.Deploy.0 = Debug|x86
		{2C4BC190-D387-460B-A483-89DB49D12580}.Release|Any CPU.ActiveCfg = Release|x86
		{2C4BC190-D387-460B-A483-89DB49D12580}.Release|Any CPU.Build.0 = Release|x86
		{2C4BC190-D387-460B-A483-89DB49D12580}.Release|Any CPU.Deploy.0 = Release|x86
		{2C4BC190-D387-460B-A483-89DB49D12580}.Release|ARM.ActiveCfg = Release|ARM
		{2C4BC190-D387-460B-A483-89DB49D12580}.Release|ARM.Build.0 = Release|ARM
		{2C4BC190-D387-460B-A483-89DB49D12580}.Release|ARM.Deploy.0 = Release|ARM
		{2C4BC190-D387-460B-A483-89DB49D12580}.Release|iPhone.ActiveCfg = Release|x86
		{2C4BC190-D387-460B-A483-89DB49D12580}.Release|iPhone.Build.0 = Release|x86
		{2C4BC190-D387-460B-A483-89DB49D12580}.Release|iPhone.Deploy.0 = Release|x86
		{2C4BC190-D387-460B-A483-89DB49D12580}.Release|iPhoneSimulator.ActiveCfg = Release|x86
		{2C4BC190-D387-460B-A483-89DB49D12580}.Release|iPhoneSimulator.Build.0 = Release|x86
		{2C4BC190-D387-460B-A483-89DB49D12580}.Release|iPhoneSimulator.Deploy.0 = Release|x86
		{2C4BC190-D387-460B-A483-89DB49D12580}.Release|x64.ActiveCfg = Release|x64
		{2C4BC190-D387-460B-A483-89DB49D12580}.Release|x64.Build.0 = Release|x64
		{2C4BC190-D387-460B-A483-89DB49D12580}.Release|x64.Deploy.0 = Release|x64
		{2C4BC190-D387-460B-A483-89DB49D12580}.Release|x86.ActiveCfg = Release|x86
		{2C4BC190-D387-460B-A483-89DB49D12580}.Release|x86.Build.0 = Release|x86
		{2C4BC190-D387-460B-A483-89DB49D12580}.Release|x86.Deploy.0 = Release|x86
		{373FCA51-7743-49B1-BD06-4981E161A7F2}.Ad-Hoc|Any CPU.ActiveCfg = Debug|Any CPU
		{373FCA51-7743-49B1-BD06-4981E161A7F2}.Ad-Hoc|Any CPU.Build.0 = Debug|Any CPU
		{373FCA51-7743-49B1-BD06-4981E161A7F2}.Ad-Hoc|Any CPU.Deploy.0 = Debug|Any CPU
		{373FCA51-7743-49B1-BD06-4981E161A7F2}.Ad-Hoc|ARM.ActiveCfg = Debug|Any CPU
		{373FCA51-7743-49B1-BD06-4981E161A7F2}.Ad-Hoc|ARM.Build.0 = Debug|Any CPU
		{373FCA51-7743-49B1-BD06-4981E161A7F2}.Ad-Hoc|ARM.Deploy.0 = Debug|Any CPU
		{373FCA51-7743-49B1-BD06-4981E161A7F2}.Ad-Hoc|iPhone.ActiveCfg = Debug|Any CPU
		{373FCA51-7743-49B1-BD06-4981E161A7F2}.Ad-Hoc|iPhone.Build.0 = Debug|Any CPU
		{373FCA51-7743-49B1-BD06-4981E161A7F2}.Ad-Hoc|iPhone.Deploy.0 = Debug|Any CPU
		{373FCA51-7743-49B1-BD06-4981E161A7F2}.Ad-Hoc|iPhoneSimulator.ActiveCfg = Debug|Any CPU
		{373FCA51-7743-49B1-BD06-4981E161A7F2}.Ad-Hoc|iPhoneSimulator.Build.0 = Debug|Any CPU
		{373FCA51-7743-49B1-BD06-4981E161A7F2}.Ad-Hoc|iPhoneSimulator.Deploy.0 = Debug|Any CPU
		{373FCA51-7743-49B1-BD06-4981E161A7F2}.Ad-Hoc|x64.ActiveCfg = Debug|Any CPU
		{373FCA51-7743-49B1-BD06-4981E161A7F2}.Ad-Hoc|x64.Build.0 = Debug|Any CPU
		{373FCA51-7743-49B1-BD06-4981E161A7F2}.Ad-Hoc|x64.Deploy.0 = Debug|Any CPU
		{373FCA51-7743-49B1-BD06-4981E161A7F2}.Ad-Hoc|x86.ActiveCfg = Debug|Any CPU
		{373FCA51-7743-49B1-BD06-4981E161A7F2}.Ad-Hoc|x86.Build.0 = Debug|Any CPU
		{373FCA51-7743-49B1-BD06-4981E161A7F2}.Ad-Hoc|x86.Deploy.0 = Debug|Any CPU
		{373FCA51-7743-49B1-BD06-4981E161A7F2}.AppStore|Any CPU.ActiveCfg = Debug|Any CPU
		{373FCA51-7743-49B1-BD06-4981E161A7F2}.AppStore|Any CPU.Build.0 = Debug|Any CPU
		{373FCA51-7743-49B1-BD06-4981E161A7F2}.AppStore|Any CPU.Deploy.0 = Debug|Any CPU
		{373FCA51-7743-49B1-BD06-4981E161A7F2}.AppStore|ARM.ActiveCfg = Debug|Any CPU
		{373FCA51-7743-49B1-BD06-4981E161A7F2}.AppStore|ARM.Build.0 = Debug|Any CPU
		{373FCA51-7743-49B1-BD06-4981E161A7F2}.AppStore|ARM.Deploy.0 = Debug|Any CPU
		{373FCA51-7743-49B1-BD06-4981E161A7F2}.AppStore|iPhone.ActiveCfg = Debug|Any CPU
		{373FCA51-7743-49B1-BD06-4981E161A7F2}.AppStore|iPhone.Build.0 = Debug|Any CPU
		{373FCA51-7743-49B1-BD06-4981E161A7F2}.AppStore|iPhone.Deploy.0 = Debug|Any CPU
		{373FCA51-7743-49B1-BD06-4981E161A7F2}.AppStore|iPhoneSimulator.ActiveCfg = Debug|Any CPU
		{373FCA51-7743-49B1-BD06-4981E161A7F2}.AppStore|iPhoneSimulator.Build.0 = Debug|Any CPU
		{373FCA51-7743-49B1-BD06-4981E161A7F2}.AppStore|iPhoneSimulator.Deploy.0 = Debug|Any CPU
		{373FCA51-7743-49B1-BD06-4981E161A7F2}.AppStore|x64.ActiveCfg = Debug|Any CPU
		{373FCA51-7743-49B1-BD06-4981E161A7F2}.AppStore|x64.Build.0 = Debug|Any CPU
		{373FCA51-7743-49B1-BD06-4981E161A7F2}.AppStore|x64.Deploy.0 = Debug|Any CPU
		{373FCA51-7743-49B1-BD06-4981E161A7F2}.AppStore|x86.ActiveCfg = Debug|Any CPU
		{373FCA51-7743-49B1-BD06-4981E161A7F2}.AppStore|x86.Build.0 = Debug|Any CPU
		{373FCA51-7743-49B1-BD06-4981E161A7F2}.AppStore|x86.Deploy.0 = Debug|Any CPU
		{373FCA51-7743-49B1-BD06-4981E161A7F2}.Debug|Any CPU.ActiveCfg = Debug|Any CPU
		{373FCA51-7743-49B1-BD06-4981E161A7F2}.Debug|Any CPU.Build.0 = Debug|Any CPU
		{373FCA51-7743-49B1-BD06-4981E161A7F2}.Debug|Any CPU.Deploy.0 = Debug|Any CPU
		{373FCA51-7743-49B1-BD06-4981E161A7F2}.Debug|ARM.ActiveCfg = Debug|Any CPU
		{373FCA51-7743-49B1-BD06-4981E161A7F2}.Debug|ARM.Build.0 = Debug|Any CPU
		{373FCA51-7743-49B1-BD06-4981E161A7F2}.Debug|ARM.Deploy.0 = Debug|Any CPU
		{373FCA51-7743-49B1-BD06-4981E161A7F2}.Debug|iPhone.ActiveCfg = Debug|Any CPU
		{373FCA51-7743-49B1-BD06-4981E161A7F2}.Debug|iPhone.Build.0 = Debug|Any CPU
		{373FCA51-7743-49B1-BD06-4981E161A7F2}.Debug|iPhone.Deploy.0 = Debug|Any CPU
		{373FCA51-7743-49B1-BD06-4981E161A7F2}.Debug|iPhoneSimulator.ActiveCfg = Debug|Any CPU
		{373FCA51-7743-49B1-BD06-4981E161A7F2}.Debug|iPhoneSimulator.Build.0 = Debug|Any CPU
		{373FCA51-7743-49B1-BD06-4981E161A7F2}.Debug|iPhoneSimulator.Deploy.0 = Debug|Any CPU
		{373FCA51-7743-49B1-BD06-4981E161A7F2}.Debug|x64.ActiveCfg = Debug|Any CPU
		{373FCA51-7743-49B1-BD06-4981E161A7F2}.Debug|x64.Build.0 = Debug|Any CPU
		{373FCA51-7743-49B1-BD06-4981E161A7F2}.Debug|x64.Deploy.0 = Debug|Any CPU
		{373FCA51-7743-49B1-BD06-4981E161A7F2}.Debug|x86.ActiveCfg = Debug|Any CPU
		{373FCA51-7743-49B1-BD06-4981E161A7F2}.Debug|x86.Build.0 = Debug|Any CPU
		{373FCA51-7743-49B1-BD06-4981E161A7F2}.Debug|x86.Deploy.0 = Debug|Any CPU
		{373FCA51-7743-49B1-BD06-4981E161A7F2}.Release|Any CPU.ActiveCfg = Release|Any CPU
		{373FCA51-7743-49B1-BD06-4981E161A7F2}.Release|Any CPU.Build.0 = Release|Any CPU
		{373FCA51-7743-49B1-BD06-4981E161A7F2}.Release|Any CPU.Deploy.0 = Release|Any CPU
		{373FCA51-7743-49B1-BD06-4981E161A7F2}.Release|ARM.ActiveCfg = Release|Any CPU
		{373FCA51-7743-49B1-BD06-4981E161A7F2}.Release|ARM.Build.0 = Release|Any CPU
		{373FCA51-7743-49B1-BD06-4981E161A7F2}.Release|ARM.Deploy.0 = Release|Any CPU
		{373FCA51-7743-49B1-BD06-4981E161A7F2}.Release|iPhone.ActiveCfg = Release|Any CPU
		{373FCA51-7743-49B1-BD06-4981E161A7F2}.Release|iPhone.Build.0 = Release|Any CPU
		{373FCA51-7743-49B1-BD06-4981E161A7F2}.Release|iPhone.Deploy.0 = Release|Any CPU
		{373FCA51-7743-49B1-BD06-4981E161A7F2}.Release|iPhoneSimulator.ActiveCfg = Release|Any CPU
		{373FCA51-7743-49B1-BD06-4981E161A7F2}.Release|iPhoneSimulator.Build.0 = Release|Any CPU
		{373FCA51-7743-49B1-BD06-4981E161A7F2}.Release|iPhoneSimulator.Deploy.0 = Release|Any CPU
		{373FCA51-7743-49B1-BD06-4981E161A7F2}.Release|x64.ActiveCfg = Release|Any CPU
		{373FCA51-7743-49B1-BD06-4981E161A7F2}.Release|x64.Build.0 = Release|Any CPU
		{373FCA51-7743-49B1-BD06-4981E161A7F2}.Release|x64.Deploy.0 = Release|Any CPU
		{373FCA51-7743-49B1-BD06-4981E161A7F2}.Release|x86.ActiveCfg = Release|Any CPU
		{373FCA51-7743-49B1-BD06-4981E161A7F2}.Release|x86.Build.0 = Release|Any CPU
		{373FCA51-7743-49B1-BD06-4981E161A7F2}.Release|x86.Deploy.0 = Release|Any CPU
	EndGlobalSection
	GlobalSection(SolutionProperties) = preSolution
		HideSolutionNode = FALSE
	EndGlobalSection
	GlobalSection(ExtensibilityGlobals) = postSolution
		SolutionGuid = {61ACFA6A-5A8D-45B9-9CE3-27AEEC92D0F9}
	EndGlobalSection
EndGlobal
